
Microsoft Visual Studio Solution File, Format Version 12.00
# Visual Studio Version 17
VisualStudioVersion = 17.9.34723.18
MinimumVisualStudioVersion = 10.0.40219.1
Project("{FAE04EC0-301F-11D3-BF4B-00C04F79EFBC}") = "TasKagitMakas", "TasKagitMakas.csproj", "{A6D4FF58-B7D0-4BFE-A886-51A1526BFFF4}"
EndProject
Global
	GlobalSection(SolutionConfigurationPlatforms) = preSolution
		Debug|Any CPU = Debug|Any CPU
		Release|Any CPU = Release|Any CPU
	EndGlobalSection
	GlobalSection(ProjectConfigurationPlatforms) = postSolution
		{A6D4FF58-B7D0-4BFE-A886-51A1526BFFF4}.Debug|Any CPU.ActiveCfg = Debug|Any CPU
		{A6D4FF58-B7D0-4BFE-A886-51A1526BFFF4}.Debug|Any CPU.Build.0 = Debug|Any CPU
		{A6D4FF58-B7D0-4BFE-A886-51A1526BFFF4}.Release|Any CPU.ActiveCfg = Release|Any CPU
		{A6D4FF58-B7D0-4BFE-A886-51A1526BFFF4}.Release|Any CPU.Build.0 = Release|Any CPU
	EndGlobalSection
	GlobalSection(SolutionProperties) = preSolution
		HideSolutionNode = FALSE
	EndGlobalSection
	GlobalSection(ExtensibilityGlobals) = postSolution
		SolutionGuid = {AA8174B5-DEB4-4AC3-AB8F-FE5083BBC49B}
	EndGlobalSection
EndGlobal
